
Microsoft Visual Studio Solution File, Format Version 12.00
# Visual Studio Version 16
VisualStudioVersion = 16.0.29613.14
MinimumVisualStudioVersion = 10.0.40219.1
Project("{FAE04EC0-301F-11D3-BF4B-00C04F79EFBC}") = "BuzzFizz", "BuzzFizz.csproj", "{158111DC-A5A5-4FD0-854A-76F51980A406}"
EndProject
Global
	GlobalSection(SolutionConfigurationPlatforms) = preSolution
		Debug|Any CPU = Debug|Any CPU
		Release|Any CPU = Release|Any CPU
	EndGlobalSection
	GlobalSection(ProjectConfigurationPlatforms) = postSolution
		{158111DC-A5A5-4FD0-854A-76F51980A406}.Debug|Any CPU.ActiveCfg = Debug|Any CPU
		{158111DC-A5A5-4FD0-854A-76F51980A406}.Debug|Any CPU.Build.0 = Debug|Any CPU
		{158111DC-A5A5-4FD0-854A-76F51980A406}.Release|Any CPU.ActiveCfg = Release|Any CPU
		{158111DC-A5A5-4FD0-854A-76F51980A406}.Release|Any CPU.Build.0 = Release|Any CPU
	EndGlobalSection
	GlobalSection(SolutionProperties) = preSolution
		HideSolutionNode = FALSE
	EndGlobalSection
	GlobalSection(ExtensibilityGlobals) = postSolution
		SolutionGuid = {1C7EA310-F852-4A85-9CB5-6B651C105122}
	EndGlobalSection
EndGlobal
